// !$*UTF8*$!
{
	archiveVersion = 1;
	classes = {
	};
	objectVersion = 52;
	objects = {

/* Begin PBXBuildFile section */
		28806448244FCCB500AB97A4 /* Grid in Frameworks */ = {isa = PBXBuildFile; productRef = 28806447244FCCB500AB97A4 /* Grid */; };
		28D1F841244EF22400198120 /* AppDelegate.swift in Sources */ = {isa = PBXBuildFile; fileRef = 28D1F840244EF22400198120 /* AppDelegate.swift */; };
		28D1F843244EF22400198120 /* SceneDelegate.swift in Sources */ = {isa = PBXBuildFile; fileRef = 28D1F842244EF22400198120 /* SceneDelegate.swift */; };
		28D1F847244EF22600198120 /* Assets.xcassets in Resources */ = {isa = PBXBuildFile; fileRef = 28D1F846244EF22600198120 /* Assets.xcassets */; };
		28D1F84A244EF22600198120 /* Preview Assets.xcassets in Resources */ = {isa = PBXBuildFile; fileRef = 28D1F849244EF22600198120 /* Preview Assets.xcassets */; };
		28D1F84D244EF22600198120 /* LaunchScreen.storyboard in Resources */ = {isa = PBXBuildFile; fileRef = 28D1F84B244EF22600198120 /* LaunchScreen.storyboard */; };
		28D1F85D244EF42400198120 /* modifier_ActionSheet.swift in Sources */ = {isa = PBXBuildFile; fileRef = 28D1F85C244EF42400198120 /* modifier_ActionSheet.swift */; };
		28D1F863244EF48000198120 /* modifier_Popover.swift in Sources */ = {isa = PBXBuildFile; fileRef = 28D1F862244EF48000198120 /* modifier_Popover.swift */; };
		28D1F864244EF48000198120 /* modifier_Alert.swift in Sources */ = {isa = PBXBuildFile; fileRef = 28D1F860244EF48000198120 /* modifier_Alert.swift */; };
		28D1F865244EF48000198120 /* modifier_Sheet.swift in Sources */ = {isa = PBXBuildFile; fileRef = 28D1F861244EF48000198120 /* modifier_Sheet.swift */; };
		28D1F866244EF48000198120 /* modifier_ContextMenu.swift in Sources */ = {isa = PBXBuildFile; fileRef = 28D1F85F244EF47F00198120 /* modifier_ContextMenu.swift */; };
		28D1F869244EF53D00198120 /* Markdowns in Resources */ = {isa = PBXBuildFile; fileRef = 28D1F868244EF53D00198120 /* Markdowns */; };
		28D1F86B244EF55100198120 /* README.md in Resources */ = {isa = PBXBuildFile; fileRef = 28D1F86A244EF55100198120 /* README.md */; };
		28D1F86D244EF56D00198120 /* LICENSE in Resources */ = {isa = PBXBuildFile; fileRef = 28D1F86C244EF56D00198120 /* LICENSE */; };
		28D1F86F244EF58200198120 /* README_Assets in Resources */ = {isa = PBXBuildFile; fileRef = 28D1F86E244EF58200198120 /* README_Assets */; };
		28D1F871244EF5A500198120 /* GIFs in Resources */ = {isa = PBXBuildFile; fileRef = 28D1F870244EF5A500198120 /* GIFs */; };
		28D1F873244F00F500198120 /* modifier_AccentColor.swift in Sources */ = {isa = PBXBuildFile; fileRef = 28D1F872244F00F500198120 /* modifier_AccentColor.swift */; };
		28D1F875244F0EB200198120 /* modifier_BlendMode.swift in Sources */ = {isa = PBXBuildFile; fileRef = 28D1F874244F0EB200198120 /* modifier_BlendMode.swift */; };
/* End PBXBuildFile section */

/* Begin PBXFileReference section */
		28D1F83D244EF22400198120 /* SwiftUI_Intuition_Library.app */ = {isa = PBXFileReference; explicitFileType = wrapper.application; includeInIndex = 0; path = SwiftUI_Intuition_Library.app; sourceTree = BUILT_PRODUCTS_DIR; };
		28D1F840244EF22400198120 /* AppDelegate.swift */ = {isa = PBXFileReference; lastKnownFileType = sourcecode.swift; path = AppDelegate.swift; sourceTree = "<group>"; };
		28D1F842244EF22400198120 /* SceneDelegate.swift */ = {isa = PBXFileReference; lastKnownFileType = sourcecode.swift; path = SceneDelegate.swift; sourceTree = "<group>"; };
		28D1F846244EF22600198120 /* Assets.xcassets */ = {isa = PBXFileReference; lastKnownFileType = folder.assetcatalog; path = Assets.xcassets; sourceTree = "<group>"; };
		28D1F849244EF22600198120 /* Preview Assets.xcassets */ = {isa = PBXFileReference; lastKnownFileType = folder.assetcatalog; path = "Preview Assets.xcassets"; sourceTree = "<group>"; };
		28D1F84C244EF22600198120 /* Base */ = {isa = PBXFileReference; lastKnownFileType = file.storyboard; name = Base; path = Base.lproj/LaunchScreen.storyboard; sourceTree = "<group>"; };
		28D1F84E244EF22600198120 /* Info.plist */ = {isa = PBXFileReference; lastKnownFileType = text.plist.xml; path = Info.plist; sourceTree = "<group>"; };
		28D1F85C244EF42400198120 /* modifier_ActionSheet.swift */ = {isa = PBXFileReference; lastKnownFileType = sourcecode.swift; path = modifier_ActionSheet.swift; sourceTree = "<group>"; };
		28D1F85F244EF47F00198120 /* modifier_ContextMenu.swift */ = {isa = PBXFileReference; lastKnownFileType = sourcecode.swift; path = modifier_ContextMenu.swift; sourceTree = "<group>"; };
		28D1F860244EF48000198120 /* modifier_Alert.swift */ = {isa = PBXFileReference; lastKnownFileType = sourcecode.swift; path = modifier_Alert.swift; sourceTree = "<group>"; };
		28D1F861244EF48000198120 /* modifier_Sheet.swift */ = {isa = PBXFileReference; lastKnownFileType = sourcecode.swift; path = modifier_Sheet.swift; sourceTree = "<group>"; };
		28D1F862244EF48000198120 /* modifier_Popover.swift */ = {isa = PBXFileReference; lastKnownFileType = sourcecode.swift; path = modifier_Popover.swift; sourceTree = "<group>"; };
		28D1F868244EF53D00198120 /* Markdowns */ = {isa = PBXFileReference; lastKnownFileType = folder; path = Markdowns; sourceTree = "<group>"; };
		28D1F86A244EF55100198120 /* README.md */ = {isa = PBXFileReference; fileEncoding = 4; lastKnownFileType = net.daringfireball.markdown; path = README.md; sourceTree = "<group>"; };
		28D1F86C244EF56D00198120 /* LICENSE */ = {isa = PBXFileReference; fileEncoding = 4; lastKnownFileType = text; path = LICENSE; sourceTree = "<group>"; };
		28D1F86E244EF58200198120 /* README_Assets */ = {isa = PBXFileReference; lastKnownFileType = folder; path = README_Assets; sourceTree = "<group>"; };
		28D1F870244EF5A500198120 /* GIFs */ = {isa = PBXFileReference; lastKnownFileType = folder; path = GIFs; sourceTree = "<group>"; };
		28D1F872244F00F500198120 /* modifier_AccentColor.swift */ = {isa = PBXFileReference; lastKnownFileType = sourcecode.swift; path = modifier_AccentColor.swift; sourceTree = "<group>"; };
		28D1F874244F0EB200198120 /* modifier_BlendMode.swift */ = {isa = PBXFileReference; lastKnownFileType = sourcecode.swift; path = modifier_BlendMode.swift; sourceTree = "<group>"; };
/* End PBXFileReference section */

/* Begin PBXFrameworksBuildPhase section */
		28D1F83A244EF22400198120 /* Frameworks */ = {
			isa = PBXFrameworksBuildPhase;
			buildActionMask = 2147483647;
			files = (
				28806448244FCCB500AB97A4 /* Grid in Frameworks */,
			);
			runOnlyForDeploymentPostprocessing = 0;
		};
/* End PBXFrameworksBuildPhase section */

/* Begin PBXGroup section */
		28D1F834244EF22400198120 = {
			isa = PBXGroup;
			children = (
				28D1F870244EF5A500198120 /* GIFs */,
				28D1F86E244EF58200198120 /* README_Assets */,
				28D1F86C244EF56D00198120 /* LICENSE */,
				28D1F86A244EF55100198120 /* README.md */,
				28D1F868244EF53D00198120 /* Markdowns */,
				28D1F85E244EF46600198120 /* Swifts */,
				28D1F83F244EF22400198120 /* SwiftUI_Intuition_Library */,
				28D1F83E244EF22400198120 /* Products */,
			);
			sourceTree = "<group>";
		};
		28D1F83E244EF22400198120 /* Products */ = {
			isa = PBXGroup;
			children = (
				28D1F83D244EF22400198120 /* SwiftUI_Intuition_Library.app */,
			);
			name = Products;
			sourceTree = "<group>";
		};
		28D1F83F244EF22400198120 /* SwiftUI_Intuition_Library */ = {
			isa = PBXGroup;
			children = (
				28D1F84E244EF22600198120 /* Info.plist */,
				28D1F867244EF4AB00198120 /* Init */,
				28D1F848244EF22600198120 /* Preview Content */,
			);
			path = SwiftUI_Intuition_Library;
			sourceTree = "<group>";
		};
		28D1F848244EF22600198120 /* Preview Content */ = {
			isa = PBXGroup;
			children = (
				28D1F849244EF22600198120 /* Preview Assets.xcassets */,
			);
			path = "Preview Content";
			sourceTree = "<group>";
		};
		28D1F85E244EF46600198120 /* Swifts */ = {
			isa = PBXGroup;
			children = (
				28D1F85C244EF42400198120 /* modifier_ActionSheet.swift */,
				28D1F860244EF48000198120 /* modifier_Alert.swift */,
				28D1F85F244EF47F00198120 /* modifier_ContextMenu.swift */,
				28D1F862244EF48000198120 /* modifier_Popover.swift */,
				28D1F861244EF48000198120 /* modifier_Sheet.swift */,
				28D1F872244F00F500198120 /* modifier_AccentColor.swift */,
				28D1F874244F0EB200198120 /* modifier_BlendMode.swift */,
			);
			path = Swifts;
			sourceTree = "<group>";
		};
		28D1F867244EF4AB00198120 /* Init */ = {
			isa = PBXGroup;
			children = (
				28D1F840244EF22400198120 /* AppDelegate.swift */,
				28D1F842244EF22400198120 /* SceneDelegate.swift */,
				28D1F846244EF22600198120 /* Assets.xcassets */,
				28D1F84B244EF22600198120 /* LaunchScreen.storyboard */,
			);
			path = Init;
			sourceTree = "<group>";
		};
/* End PBXGroup section */

/* Begin PBXNativeTarget section */
		28D1F83C244EF22400198120 /* SwiftUI_Intuition_Library */ = {
			isa = PBXNativeTarget;
			buildConfigurationList = 28D1F851244EF22600198120 /* Build configuration list for PBXNativeTarget "SwiftUI_Intuition_Library" */;
			buildPhases = (
				28D1F839244EF22400198120 /* Sources */,
				28D1F83A244EF22400198120 /* Frameworks */,
				28D1F83B244EF22400198120 /* Resources */,
			);
			buildRules = (
			);
			dependencies = (
			);
			name = SwiftUI_Intuition_Library;
			packageProductDependencies = (
				28806447244FCCB500AB97A4 /* Grid */,
			);
			productName = SwiftUI_Intuition_Library;
			productReference = 28D1F83D244EF22400198120 /* SwiftUI_Intuition_Library.app */;
			productType = "com.apple.product-type.application";
		};
/* End PBXNativeTarget section */

/* Begin PBXProject section */
		28D1F835244EF22400198120 /* Project object */ = {
			isa = PBXProject;
			attributes = {
				LastSwiftUpdateCheck = 1130;
				LastUpgradeCheck = 1130;
				ORGANIZATIONNAME = "Jacob Zhang";
				TargetAttributes = {
					28D1F83C244EF22400198120 = {
						CreatedOnToolsVersion = 11.3.1;
					};
				};
			};
			buildConfigurationList = 28D1F838244EF22400198120 /* Build configuration list for PBXProject "SwiftUI_Intuition_Library" */;
			compatibilityVersion = "Xcode 9.3";
			developmentRegion = en;
			hasScannedForEncodings = 0;
			knownRegions = (
				en,
				Base,
			);
			mainGroup = 28D1F834244EF22400198120;
			packageReferences = (
				28806446244FCCB500AB97A4 /* XCRemoteSwiftPackageReference "swiftui-grid" */,
			);
			productRefGroup = 28D1F83E244EF22400198120 /* Products */;
			projectDirPath = "";
			projectRoot = "";
			targets = (
				28D1F83C244EF22400198120 /* SwiftUI_Intuition_Library */,
			);
		};
/* End PBXProject section */

/* Begin PBXResourcesBuildPhase section */
		28D1F83B244EF22400198120 /* Resources */ = {
			isa = PBXResourcesBuildPhase;
			buildActionMask = 2147483647;
			files = (
				28D1F86D244EF56D00198120 /* LICENSE in Resources */,
				28D1F86F244EF58200198120 /* README_Assets in Resources */,
				28D1F84D244EF22600198120 /* LaunchScreen.storyboard in Resources */,
				28D1F84A244EF22600198120 /* Preview Assets.xcassets in Resources */,
				28D1F86B244EF55100198120 /* README.md in Resources */,
				28D1F871244EF5A500198120 /* GIFs in Resources */,
				28D1F847244EF22600198120 /* Assets.xcassets in Resources */,
				28D1F869244EF53D00198120 /* Markdowns in Resources */,
			);
			runOnlyForDeploymentPostprocessing = 0;
		};
/* End PBXResourcesBuildPhase section */

/* Begin PBXSourcesBuildPhase section */
		28D1F839244EF22400198120 /* Sources */ = {
			isa = PBXSourcesBuildPhase;
			buildActionMask = 2147483647;
			files = (
				28D1F873244F00F500198120 /* modifier_AccentColor.swift in Sources */,
				28D1F865244EF48000198120 /* modifier_Sheet.swift in Sources */,
				28D1F841244EF22400198120 /* AppDelegate.swift in Sources */,
				28D1F843244EF22400198120 /* SceneDelegate.swift in Sources */,
				28D1F863244EF48000198120 /* modifier_Popover.swift in Sources */,
				28D1F864244EF48000198120 /* modifier_Alert.swift in Sources */,
				28D1F875244F0EB200198120 /* modifier_BlendMode.swift in Sources */,
				28D1F866244EF48000198120 /* modifier_ContextMenu.swift in Sources */,
				28D1F85D244EF42400198120 /* modifier_ActionSheet.swift in Sources */,
			);
			runOnlyForDeploymentPostprocessing = 0;
		};
/* End PBXSourcesBuildPhase section */

/* Begin PBXVariantGroup section */
		28D1F84B244EF22600198120 /* LaunchScreen.storyboard */ = {
			isa = PBXVariantGroup;
			children = (
				28D1F84C244EF22600198120 /* Base */,
			);
			name = LaunchScreen.storyboard;
			sourceTree = "<group>";
		};
/* End PBXVariantGroup section */

/* Begin XCBuildConfiguration section */
		28D1F84F244EF22600198120 /* Debug */ = {
			isa = XCBuildConfiguration;
			buildSettings = {
				ALWAYS_SEARCH_USER_PATHS = NO;
				CLANG_ANALYZER_NONNULL = YES;
				CLANG_ANALYZER_NUMBER_OBJECT_CONVERSION = YES_AGGRESSIVE;
				CLANG_CXX_LANGUAGE_STANDARD = "gnu++14";
				CLANG_CXX_LIBRARY = "libc++";
				CLANG_ENABLE_MODULES = YES;
				CLANG_ENABLE_OBJC_ARC = YES;
				CLANG_ENABLE_OBJC_WEAK = YES;
				CLANG_WARN_BLOCK_CAPTURE_AUTORELEASING = YES;
				CLANG_WARN_BOOL_CONVERSION = YES;
				CLANG_WARN_COMMA = YES;
				CLANG_WARN_CONSTANT_CONVERSION = YES;
				CLANG_WARN_DEPRECATED_OBJC_IMPLEMENTATIONS = YES;
				CLANG_WARN_DIRECT_OBJC_ISA_USAGE = YES_ERROR;
				CLANG_WARN_DOCUMENTATION_COMMENTS = YES;
				CLANG_WARN_EMPTY_BODY = YES;
				CLANG_WARN_ENUM_CONVERSION = YES;
				CLANG_WARN_INFINITE_RECURSION = YES;
				CLANG_WARN_INT_CONVERSION = YES;
				CLANG_WARN_NON_LITERAL_NULL_CONVERSION = YES;
				CLANG_WARN_OBJC_IMPLICIT_RETAIN_SELF = YES;
				CLANG_WARN_OBJC_LITERAL_CONVERSION = YES;
				CLANG_WARN_OBJC_ROOT_CLASS = YES_ERROR;
				CLANG_WARN_RANGE_LOOP_ANALYSIS = YES;
				CLANG_WARN_STRICT_PROTOTYPES = YES;
				CLANG_WARN_SUSPICIOUS_MOVE = YES;
				CLANG_WARN_UNGUARDED_AVAILABILITY = YES_AGGRESSIVE;
				CLANG_WARN_UNREACHABLE_CODE = YES;
				CLANG_WARN__DUPLICATE_METHOD_MATCH = YES;
				COPY_PHASE_STRIP = NO;
				DEBUG_INFORMATION_FORMAT = dwarf;
				ENABLE_STRICT_OBJC_MSGSEND = YES;
				ENABLE_TESTABILITY = YES;
				GCC_C_LANGUAGE_STANDARD = gnu11;
				GCC_DYNAMIC_NO_PIC = NO;
				GCC_NO_COMMON_BLOCKS = YES;
				GCC_OPTIMIZATION_LEVEL = 0;
				GCC_PREPROCESSOR_DEFINITIONS = (
					"DEBUG=1",
					"$(inherited)",
				);
				GCC_WARN_64_TO_32_BIT_CONVERSION = YES;
				GCC_WARN_ABOUT_RETURN_TYPE = YES_ERROR;
				GCC_WARN_UNDECLARED_SELECTOR = YES;
				GCC_WARN_UNINITIALIZED_AUTOS = YES_AGGRESSIVE;
				GCC_WARN_UNUSED_FUNCTION = YES;
				GCC_WARN_UNUSED_VARIABLE = YES;
				IPHONEOS_DEPLOYMENT_TARGET = 13.2;
				MTL_ENABLE_DEBUG_INFO = INCLUDE_SOURCE;
				MTL_FAST_MATH = YES;
				ONLY_ACTIVE_ARCH = YES;
				SDKROOT = iphoneos;
				SWIFT_ACTIVE_COMPILATION_CONDITIONS = DEBUG;
				SWIFT_OPTIMIZATION_LEVEL = "-Onone";
			};
			name = Debug;
		};
		28D1F850244EF22600198120 /* Release */ = {
			isa = XCBuildConfiguration;
			buildSettings = {
				ALWAYS_SEARCH_USER_PATHS = NO;
				CLANG_ANALYZER_NONNULL = YES;
				CLANG_ANALYZER_NUMBER_OBJECT_CONVERSION = YES_AGGRESSIVE;
				CLANG_CXX_LANGUAGE_STANDARD = "gnu++14";
				CLANG_CXX_LIBRARY = "libc++";
				CLANG_ENABLE_MODULES = YES;
				CLANG_ENABLE_OBJC_ARC = YES;
				CLANG_ENABLE_OBJC_WEAK = YES;
				CLANG_WARN_BLOCK_CAPTURE_AUTORELEASING = YES;
				CLANG_WARN_BOOL_CONVERSION = YES;
				CLANG_WARN_COMMA = YES;
				CLANG_WARN_CONSTANT_CONVERSION = YES;
				CLANG_WARN_DEPRECATED_OBJC_IMPLEMENTATIONS = YES;
				CLANG_WARN_DIRECT_OBJC_ISA_USAGE = YES_ERROR;
				CLANG_WARN_DOCUMENTATION_COMMENTS = YES;
				CLANG_WARN_EMPTY_BODY = YES;
				CLANG_WARN_ENUM_CONVERSION = YES;
				CLANG_WARN_INFINITE_RECURSION = YES;
				CLANG_WARN_INT_CONVERSION = YES;
				CLANG_WARN_NON_LITERAL_NULL_CONVERSION = YES;
				CLANG_WARN_OBJC_IMPLICIT_RETAIN_SELF = YES;
				CLANG_WARN_OBJC_LITERAL_CONVERSION = YES;
				CLANG_WARN_OBJC_ROOT_CLASS = YES_ERROR;
				CLANG_WARN_RANGE_LOOP_ANALYSIS = YES;
				CLANG_WARN_STRICT_PROTOTYPES = YES;
				CLANG_WARN_SUSPICIOUS_MOVE = YES;
				CLANG_WARN_UNGUARDED_AVAILABILITY = YES_AGGRESSIVE;
				CLANG_WARN_UNREACHABLE_CODE = YES;
				CLANG_WARN__DUPLICATE_METHOD_MATCH = YES;
				COPY_PHASE_STRIP = NO;
				DEBUG_INFORMATION_FORMAT = "dwarf-with-dsym";
				ENABLE_NS_ASSERTIONS = NO;
				ENABLE_STRICT_OBJC_MSGSEND = YES;
				GCC_C_LANGUAGE_STANDARD = gnu11;
				GCC_NO_COMMON_BLOCKS = YES;
				GCC_WARN_64_TO_32_BIT_CONVERSION = YES;
				GCC_WARN_ABOUT_RETURN_TYPE = YES_ERROR;
				GCC_WARN_UNDECLARED_SELECTOR = YES;
				GCC_WARN_UNINITIALIZED_AUTOS = YES_AGGRESSIVE;
				GCC_WARN_UNUSED_FUNCTION = YES;
				GCC_WARN_UNUSED_VARIABLE = YES;
				IPHONEOS_DEPLOYMENT_TARGET = 13.2;
				MTL_ENABLE_DEBUG_INFO = NO;
				MTL_FAST_MATH = YES;
				SDKROOT = iphoneos;
				SWIFT_COMPILATION_MODE = wholemodule;
				SWIFT_OPTIMIZATION_LEVEL = "-O";
				VALIDATE_PRODUCT = YES;
			};
			name = Release;
		};
		28D1F852244EF22600198120 /* Debug */ = {
			isa = XCBuildConfiguration;
			buildSettings = {
				ASSETCATALOG_COMPILER_APPICON_NAME = AppIcon;
				CODE_SIGN_STYLE = Automatic;
				DEVELOPMENT_ASSET_PATHS = "\"SwiftUI_Intuition_Library/Preview Content\"";
				DEVELOPMENT_TEAM = XTMU73TLWU;
				ENABLE_PREVIEWS = YES;
				INFOPLIST_FILE = SwiftUI_Intuition_Library/Info.plist;
				LD_RUNPATH_SEARCH_PATHS = (
					"$(inherited)",
					"@executable_path/Frameworks",
				);
				PRODUCT_BUNDLE_IDENTIFIER = "com.jacob.SwiftUI-Intuition-Library";
				PRODUCT_NAME = "$(TARGET_NAME)";
				SWIFT_VERSION = 5.0;
				TARGETED_DEVICE_FAMILY = "1,2";
			};
			name = Debug;
		};
		28D1F853244EF22600198120 /* Release */ = {
			isa = XCBuildConfiguration;
			buildSettings = {
				ASSETCATALOG_COMPILER_APPICON_NAME = AppIcon;
				CODE_SIGN_STYLE = Automatic;
				DEVELOPMENT_ASSET_PATHS = "\"SwiftUI_Intuition_Library/Preview Content\"";
				DEVELOPMENT_TEAM = XTMU73TLWU;
				ENABLE_PREVIEWS = YES;
				INFOPLIST_FILE = SwiftUI_Intuition_Library/Info.plist;
				LD_RUNPATH_SEARCH_PATHS = (
					"$(inherited)",
					"@executable_path/Frameworks",
				);
				PRODUCT_BUNDLE_IDENTIFIER = "com.jacob.SwiftUI-Intuition-Library";
				PRODUCT_NAME = "$(TARGET_NAME)";
				SWIFT_VERSION = 5.0;
				TARGETED_DEVICE_FAMILY = "1,2";
			};
			name = Release;
		};
/* End XCBuildConfiguration section */

/* Begin XCConfigurationList section */
		28D1F838244EF22400198120 /* Build configuration list for PBXProject "SwiftUI_Intuition_Library" */ = {
			isa = XCConfigurationList;
			buildConfigurations = (
				28D1F84F244EF22600198120 /* Debug */,
				28D1F850244EF22600198120 /* Release */,
			);
			defaultConfigurationIsVisible = 0;
			defaultConfigurationName = Release;
		};
		28D1F851244EF22600198120 /* Build configuration list for PBXNativeTarget "SwiftUI_Intuition_Library" */ = {
			isa = XCConfigurationList;
			buildConfigurations = (
				28D1F852244EF22600198120 /* Debug */,
				28D1F853244EF22600198120 /* Release */,
			);
			defaultConfigurationIsVisible = 0;
			defaultConfigurationName = Release;
		};
/* End XCConfigurationList section */

/* Begin XCRemoteSwiftPackageReference section */
		28806446244FCCB500AB97A4 /* XCRemoteSwiftPackageReference "swiftui-grid" */ = {
			isa = XCRemoteSwiftPackageReference;
			repositoryURL = "https://github.com/spacenation/swiftui-grid.git";
			requirement = {
				kind = upToNextMajorVersion;
				minimumVersion = 1.0.4;
			};
		};
/* End XCRemoteSwiftPackageReference section */

/* Begin XCSwiftPackageProductDependency section */
		28806447244FCCB500AB97A4 /* Grid */ = {
			isa = XCSwiftPackageProductDependency;
			package = 28806446244FCCB500AB97A4 /* XCRemoteSwiftPackageReference "swiftui-grid" */;
			productName = Grid;
		};
/* End XCSwiftPackageProductDependency section */
	};
	rootObject = 28D1F835244EF22400198120 /* Project object */;
}
